
Microsoft Visual Studio Solution File, Format Version 12.00
# Visual Studio 2012
Project("{FAE04EC0-301F-11D3-BF4B-00C04F79EFBC}") = "AccountManager", "AccountManager\AccountManager.csproj", "{00EFA3E0-B924-41EC-AF4F-1D5BB99DC27E}"
EndProject
Project("{FAE04EC0-301F-11D3-BF4B-00C04F79EFBC}") = "AccountManager.Tests", "AccountManager.Tests\AccountManager.Tests.csproj", "{BB9D17E6-A87B-4CCB-B4CC-35352D5C11E0}"
EndProject
Global
	GlobalSection(SolutionConfigurationPlatforms) = preSolution
		Debug|Any CPU = Debug|Any CPU
		Release|Any CPU = Release|Any CPU
	EndGlobalSection
	GlobalSection(ProjectConfigurationPlatforms) = postSolution
		{00EFA3E0-B924-41EC-AF4F-1D5BB99DC27E}.Debug|Any CPU.ActiveCfg = Debug|Any CPU
		{00EFA3E0-B924-41EC-AF4F-1D5BB99DC27E}.Debug|Any CPU.Build.0 = Debug|Any CPU
		{00EFA3E0-B924-41EC-AF4F-1D5BB99DC27E}.Release|Any CPU.ActiveCfg = Release|Any CPU
		{00EFA3E0-B924-41EC-AF4F-1D5BB99DC27E}.Release|Any CPU.Build.0 = Release|Any CPU
		{BB9D17E6-A87B-4CCB-B4CC-35352D5C11E0}.Debug|Any CPU.ActiveCfg = Debug|Any CPU
		{BB9D17E6-A87B-4CCB-B4CC-35352D5C11E0}.Debug|Any CPU.Build.0 = Debug|Any CPU
		{BB9D17E6-A87B-4CCB-B4CC-35352D5C11E0}.Release|Any CPU.ActiveCfg = Release|Any CPU
		{BB9D17E6-A87B-4CCB-B4CC-35352D5C11E0}.Release|Any CPU.Build.0 = Release|Any CPU
	EndGlobalSection
	GlobalSection(SolutionProperties) = preSolution
		HideSolutionNode = FALSE
	EndGlobalSection
EndGlobal
